
Microsoft Visual Studio Solution File, Format Version 12.00
# Visual Studio 15
VisualStudioVersion = 15.0.27130.2010
MinimumVisualStudioVersion = 10.0.40219.1
Project("{FAE04EC0-301F-11D3-BF4B-00C04F79EFBC}") = "SOLIDvehicles", "SOLIDvehicles\SOLIDvehicles.csproj", "{72257130-CFFC-417E-9BE7-DA0C64F537BF}"
EndProject
Global
	GlobalSection(SolutionConfigurationPlatforms) = preSolution
		Debug|Any CPU = Debug|Any CPU
		Release|Any CPU = Release|Any CPU
	EndGlobalSection
	GlobalSection(ProjectConfigurationPlatforms) = postSolution
		{72257130-CFFC-417E-9BE7-DA0C64F537BF}.Debug|Any CPU.ActiveCfg = Debug|Any CPU
		{72257130-CFFC-417E-9BE7-DA0C64F537BF}.Debug|Any CPU.Build.0 = Debug|Any CPU
		{72257130-CFFC-417E-9BE7-DA0C64F537BF}.Release|Any CPU.ActiveCfg = Release|Any CPU
		{72257130-CFFC-417E-9BE7-DA0C64F537BF}.Release|Any CPU.Build.0 = Release|Any CPU
	EndGlobalSection
	GlobalSection(SolutionProperties) = preSolution
		HideSolutionNode = FALSE
	EndGlobalSection
	GlobalSection(ExtensibilityGlobals) = postSolution
		SolutionGuid = {5E541C04-69FD-4C6A-9942-A4F1E3F9BA0D}
	EndGlobalSection
EndGlobal
